
Microsoft Visual Studio Solution File, Format Version 12.00
# Visual Studio 15
VisualStudioVersion = 15.0.27130.2027
MinimumVisualStudioVersion = 10.0.40219.1
Project("{FAE04EC0-301F-11D3-BF4B-00C04F79EFBC}") = "New", "New\New.csproj", "{9945F9CF-45D3-43D3-A4BF-45990EFFEEE4}"
EndProject
Global
	GlobalSection(SolutionConfigurationPlatforms) = preSolution
		Debug|Any CPU = Debug|Any CPU
		Release|Any CPU = Release|Any CPU
	EndGlobalSection
	GlobalSection(ProjectConfigurationPlatforms) = postSolution
		{9945F9CF-45D3-43D3-A4BF-45990EFFEEE4}.Debug|Any CPU.ActiveCfg = Debug|Any CPU
		{9945F9CF-45D3-43D3-A4BF-45990EFFEEE4}.Debug|Any CPU.Build.0 = Debug|Any CPU
		{9945F9CF-45D3-43D3-A4BF-45990EFFEEE4}.Release|Any CPU.ActiveCfg = Release|Any CPU
		{9945F9CF-45D3-43D3-A4BF-45990EFFEEE4}.Release|Any CPU.Build.0 = Release|Any CPU
	EndGlobalSection
	GlobalSection(SolutionProperties) = preSolution
		HideSolutionNode = FALSE
	EndGlobalSection
	GlobalSection(ExtensibilityGlobals) = postSolution
		SolutionGuid = {4EB871ED-7BF1-4D1A-BE49-1596F9187795}
	EndGlobalSection
EndGlobal
